
Microsoft Visual Studio Solution File, Format Version 12.00
# Visual Studio Version 17
VisualStudioVersion = 17.4.33110.190
MinimumVisualStudioVersion = 10.0.40219.1
Project("{FAE04EC0-301F-11D3-BF4B-00C04F79EFBC}") = "EmpresaTesteCRUD", "EmpresaTesteCRUD\EmpresaTesteCRUD.csproj", "{AEF56BD0-6038-4C9A-9455-4350E7641479}"
EndProject
Global
	GlobalSection(SolutionConfigurationPlatforms) = preSolution
		Debug|Any CPU = Debug|Any CPU
		Release|Any CPU = Release|Any CPU
	EndGlobalSection
	GlobalSection(ProjectConfigurationPlatforms) = postSolution
		{AEF56BD0-6038-4C9A-9455-4350E7641479}.Debug|Any CPU.ActiveCfg = Debug|Any CPU
		{AEF56BD0-6038-4C9A-9455-4350E7641479}.Debug|Any CPU.Build.0 = Debug|Any CPU
		{AEF56BD0-6038-4C9A-9455-4350E7641479}.Release|Any CPU.ActiveCfg = Release|Any CPU
		{AEF56BD0-6038-4C9A-9455-4350E7641479}.Release|Any CPU.Build.0 = Release|Any CPU
	EndGlobalSection
	GlobalSection(SolutionProperties) = preSolution
		HideSolutionNode = FALSE
	EndGlobalSection
	GlobalSection(ExtensibilityGlobals) = postSolution
		SolutionGuid = {46FD8F4B-8174-446A-99AA-9CEFBAF8DF8E}
	EndGlobalSection
EndGlobal
